// !$*UTF8*$!
{
	archiveVersion = 1;
	classes = {
	};
	objectVersion = 46;
	objects = {

/* Begin PBXBuildFile section */
		DC91E8AE1D0583F90054F356 /* AppDelegate.swift in Sources */ = {isa = PBXBuildFile; fileRef = DC91E8AD1D0583F90054F356 /* AppDelegate.swift */; };
		DC91E8B01D0583F90054F356 /* ViewController.swift in Sources */ = {isa = PBXBuildFile; fileRef = DC91E8AF1D0583F90054F356 /* ViewController.swift */; };
		DC91E8B31D0583F90054F356 /* Main.storyboard in Resources */ = {isa = PBXBuildFile; fileRef = DC91E8B11D0583F90054F356 /* Main.storyboard */; };
		DC91E8B51D0583F90054F356 /* Assets.xcassets in Resources */ = {isa = PBXBuildFile; fileRef = DC91E8B41D0583F90054F356 /* Assets.xcassets */; };
		DC91E8B81D0583F90054F356 /* LaunchScreen.storyboard in Resources */ = {isa = PBXBuildFile; fileRef = DC91E8B61D0583F90054F356 /* LaunchScreen.storyboard */; };
/* End PBXBuildFile section */

/* Begin PBXFileReference section */
		DC91E8AA1D0583F90054F356 /* czechitas-mobile-app.app */ = {isa = PBXFileReference; explicitFileType = wrapper.application; includeInIndex = 0; path = "czechitas-mobile-app.app"; sourceTree = BUILT_PRODUCTS_DIR; };
		DC91E8AD1D0583F90054F356 /* AppDelegate.swift */ = {isa = PBXFileReference; lastKnownFileType = sourcecode.swift; path = AppDelegate.swift; sourceTree = "<group>"; };
		DC91E8AF1D0583F90054F356 /* ViewController.swift */ = {isa = PBXFileReference; lastKnownFileType = sourcecode.swift; path = ViewController.swift; sourceTree = "<group>"; };
		DC91E8B21D0583F90054F356 /* Base */ = {isa = PBXFileReference; lastKnownFileType = file.storyboard; name = Base; path = Base.lproj/Main.storyboard; sourceTree = "<group>"; };
		DC91E8B41D0583F90054F356 /* Assets.xcassets */ = {isa = PBXFileReference; lastKnownFileType = folder.assetcatalog; path = Assets.xcassets; sourceTree = "<group>"; };
		DC91E8B71D0583F90054F356 /* Base */ = {isa = PBXFileReference; lastKnownFileType = file.storyboard; name = Base; path = Base.lproj/LaunchScreen.storyboard; sourceTree = "<group>"; };
		DC91E8B91D0583F90054F356 /* Info.plist */ = {isa = PBXFileReference; lastKnownFileType = text.plist.xml; path = Info.plist; sourceTree = "<group>"; };
/* End PBXFileReference section */

/* Begin PBXFrameworksBuildPhase section */
		DC91E8A71D0583F80054F356 /* Frameworks */ = {
			isa = PBXFrameworksBuildPhase;
			buildActionMask = 2147483647;
			files = (
			);
			runOnlyForDeploymentPostprocessing = 0;
		};
/* End PBXFrameworksBuildPhase section */

/* Begin PBXGroup section */
		DC91E8A11D0583F80054F356 = {
			isa = PBXGroup;
			children = (
				DC91E8AC1D0583F90054F356 /* czechitas-mobile-app */,
				DC91E8AB1D0583F90054F356 /* Products */,
			);
			sourceTree = "<group>";
		};
		DC91E8AB1D0583F90054F356 /* Products */ = {
			isa = PBXGroup;
			children = (
				DC91E8AA1D0583F90054F356 /* czechitas-mobile-app.app */,
			);
			name = Products;
			sourceTree = "<group>";
		};
		DC91E8AC1D0583F90054F356 /* czechitas-mobile-app */ = {
			isa = PBXGroup;
			children = (
				DC91E8AD1D0583F90054F356 /* AppDelegate.swift */,
				DC91E8AF1D0583F90054F356 /* ViewController.swift */,
				DC91E8B11D0583F90054F356 /* Main.storyboard */,
				DC91E8B41D0583F90054F356 /* Assets.xcassets */,
				DC91E8B61D0583F90054F356 /* LaunchScreen.storyboard */,
				DC91E8B91D0583F90054F356 /* Info.plist */,
			);
			path = "czechitas-mobile-app";
			sourceTree = "<group>";
		};
/* End PBXGroup section */

/* Begin PBXNativeTarget section */
		DC91E8A91D0583F80054F356 /* czechitas-mobile-app */ = {
			isa = PBXNativeTarget;
			buildConfigurationList = DC91E8BC1D0583F90054F356 /* Build configuration list for PBXNativeTarget "czechitas-mobile-app" */;
			buildPhases = (
				DC91E8A61D0583F80054F356 /* Sources */,
				DC91E8A71D0583F80054F356 /* Frameworks */,
				DC91E8A81D0583F80054F356 /* Resources */,
			);
			buildRules = (
			);
			dependencies = (
			);
			name = "czechitas-mobile-app";
			productName = "czechitas-mobile-app";
			productReference = DC91E8AA1D0583F90054F356 /* czechitas-mobile-app.app */;
			productType = "com.apple.product-type.application";
		};
/* End PBXNativeTarget section */

/* Begin PBXProject section */
		DC91E8A21D0583F80054F356 /* Project object */ = {
			isa = PBXProject;
			attributes = {
				LastSwiftUpdateCheck = 0730;
				LastUpgradeCheck = 0730;
				ORGANIZATIONNAME = "Svetlana Margetová";
				TargetAttributes = {
					DC91E8A91D0583F80054F356 = {
						CreatedOnToolsVersion = 7.3.1;
						DevelopmentTeam = D3U95MADM7;
					};
				};
			};
			buildConfigurationList = DC91E8A51D0583F80054F356 /* Build configuration list for PBXProject "czechitas-mobile-app" */;
			compatibilityVersion = "Xcode 3.2";
			developmentRegion = English;
			hasScannedForEncodings = 0;
			knownRegions = (
				en,
				Base,
			);
			mainGroup = DC91E8A11D0583F80054F356;
			productRefGroup = DC91E8AB1D0583F90054F356 /* Products */;
			projectDirPath = "";
			projectRoot = "";
			targets = (
				DC91E8A91D0583F80054F356 /* czechitas-mobile-app */,
			);
		};
/* End PBXProject section */

/* Begin PBXResourcesBuildPhase section */
		DC91E8A81D0583F80054F356 /* Resources */ = {
			isa = PBXResourcesBuildPhase;
			buildActionMask = 2147483647;
			files = (
				DC91E8B81D0583F90054F356 /* LaunchScreen.storyboard in Resources */,
				DC91E8B51D0583F90054F356 /* Assets.xcassets in Resources */,
				DC91E8B31D0583F90054F356 /* Main.storyboard in Resources */,
			);
			runOnlyForDeploymentPostprocessing = 0;
		};
/* End PBXResourcesBuildPhase section */

/* Begin PBXSourcesBuildPhase section */
		DC91E8A61D0583F80054F356 /* Sources */ = {
			isa = PBXSourcesBuildPhase;
			buildActionMask = 2147483647;
			files = (
				DC91E8B01D0583F90054F356 /* ViewController.swift in Sources */,
				DC91E8AE1D0583F90054F356 /* AppDelegate.swift in Sources */,
			);
			runOnlyForDeploymentPostprocessing = 0;
		};
/* End PBXSourcesBuildPhase section */

/* Begin PBXVariantGroup section */
		DC91E8B11D0583F90054F356 /* Main.storyboard */ = {
			isa = PBXVariantGroup;
			children = (
				DC91E8B21D0583F90054F356 /* Base */,
			);
			name = Main.storyboard;
			sourceTree = "<group>";
		};
		DC91E8B61D0583F90054F356 /* LaunchScreen.storyboard */ = {
			isa = PBXVariantGroup;
			children = (
				DC91E8B71D0583F90054F356 /* Base */,
			);
			name = LaunchScreen.storyboard;
			sourceTree = "<group>";
		};
/* End PBXVariantGroup section */

/* Begin XCBuildConfiguration section */
		DC91E8BA1D0583F90054F356 /* Debug */ = {
			isa = XCBuildConfiguration;
			buildSettings = {
				ALWAYS_SEARCH_USER_PATHS = NO;
				CLANG_ANALYZER_NONNULL = YES;
				CLANG_CXX_LANGUAGE_STANDARD = "gnu++0x";
				CLANG_CXX_LIBRARY = "libc++";
				CLANG_ENABLE_MODULES = YES;
				CLANG_ENABLE_OBJC_ARC = YES;
				CLANG_WARN_BOOL_CONVERSION = YES;
				CLANG_WARN_CONSTANT_CONVERSION = YES;
				CLANG_WARN_DIRECT_OBJC_ISA_USAGE = YES_ERROR;
				CLANG_WARN_EMPTY_BODY = YES;
				CLANG_WARN_ENUM_CONVERSION = YES;
				CLANG_WARN_INT_CONVERSION = YES;
				CLANG_WARN_OBJC_ROOT_CLASS = YES_ERROR;
				CLANG_WARN_UNREACHABLE_CODE = YES;
				CLANG_WARN__DUPLICATE_METHOD_MATCH = YES;
				"CODE_SIGN_IDENTITY[sdk=iphoneos*]" = "iPhone Developer";
				COPY_PHASE_STRIP = NO;
				DEBUG_INFORMATION_FORMAT = dwarf;
				ENABLE_STRICT_OBJC_MSGSEND = YES;
				ENABLE_TESTABILITY = YES;
				GCC_C_LANGUAGE_STANDARD = gnu99;
				GCC_DYNAMIC_NO_PIC = NO;
				GCC_NO_COMMON_BLOCKS = YES;
				GCC_OPTIMIZATION_LEVEL = 0;
				GCC_PREPROCESSOR_DEFINITIONS = (
					"DEBUG=1",
					"$(inherited)",
				);
				GCC_WARN_64_TO_32_BIT_CONVERSION = YES;
				GCC_WARN_ABOUT_RETURN_TYPE = YES_ERROR;
				GCC_WARN_UNDECLARED_SELECTOR = YES;
				GCC_WARN_UNINITIALIZED_AUTOS = YES_AGGRESSIVE;
				GCC_WARN_UNUSED_FUNCTION = YES;
				GCC_WARN_UNUSED_VARIABLE = YES;
				IPHONEOS_DEPLOYMENT_TARGET = 9.3;
				MTL_ENABLE_DEBUG_INFO = YES;
				ONLY_ACTIVE_ARCH = YES;
				SDKROOT = iphoneos;
				SWIFT_OPTIMIZATION_LEVEL = "-Onone";
			};
			name = Debug;
		};
		DC91E8BB1D0583F90054F356 /* Release */ = {
			isa = XCBuildConfiguration;
			buildSettings = {
				ALWAYS_SEARCH_USER_PATHS = NO;
				CLANG_ANALYZER_NONNULL = YES;
				CLANG_CXX_LANGUAGE_STANDARD = "gnu++0x";
				CLANG_CXX_LIBRARY = "libc++";
				CLANG_ENABLE_MODULES = YES;
				CLANG_ENABLE_OBJC_ARC = YES;
				CLANG_WARN_BOOL_CONVERSION = YES;
				CLANG_WARN_CONSTANT_CONVERSION = YES;
				CLANG_WARN_DIRECT_OBJC_ISA_USAGE = YES_ERROR;
				CLANG_WARN_EMPTY_BODY = YES;
				CLANG_WARN_ENUM_CONVERSION = YES;
				CLANG_WARN_INT_CONVERSION = YES;
				CLANG_WARN_OBJC_ROOT_CLASS = YES_ERROR;
				CLANG_WARN_UNREACHABLE_CODE = YES;
				CLANG_WARN__DUPLICATE_METHOD_MATCH = YES;
				"CODE_SIGN_IDENTITY[sdk=iphoneos*]" = "iPhone Developer";
				COPY_PHASE_STRIP = NO;
				DEBUG_INFORMATION_FORMAT = "dwarf-with-dsym";
				ENABLE_NS_ASSERTIONS = NO;
				ENABLE_STRICT_OBJC_MSGSEND = YES;
				GCC_C_LANGUAGE_STANDARD = gnu99;
				GCC_NO_COMMON_BLOCKS = YES;
				GCC_WARN_64_TO_32_BIT_CONVERSION = YES;
				GCC_WARN_ABOUT_RETURN_TYPE = YES_ERROR;
				GCC_WARN_UNDECLARED_SELECTOR = YES;
				GCC_WARN_UNINITIALIZED_AUTOS = YES_AGGRESSIVE;
				GCC_WARN_UNUSED_FUNCTION = YES;
				GCC_WARN_UNUSED_VARIABLE = YES;
				IPHONEOS_DEPLOYMENT_TARGET = 9.3;
				MTL_ENABLE_DEBUG_INFO = NO;
				SDKROOT = iphoneos;
				VALIDATE_PRODUCT = YES;
			};
			name = Release;
		};
		DC91E8BD1D0583F90054F356 /* Debug */ = {
			isa = XCBuildConfiguration;
			buildSettings = {
				ASSETCATALOG_COMPILER_APPICON_NAME = AppIcon;
				CODE_SIGN_IDENTITY = "iPhone Developer";
				INFOPLIST_FILE = "czechitas-mobile-app/Info.plist";
				LD_RUNPATH_SEARCH_PATHS = "$(inherited) @executable_path/Frameworks";
				PRODUCT_BUNDLE_IDENTIFIER = "com.brainity.czechitas-mobile-app";
				PRODUCT_NAME = "$(TARGET_NAME)";
			};
			name = Debug;
		};
		DC91E8BE1D0583F90054F356 /* Release */ = {
			isa = XCBuildConfiguration;
			buildSettings = {
				ASSETCATALOG_COMPILER_APPICON_NAME = AppIcon;
				CODE_SIGN_IDENTITY = "iPhone Developer";
				INFOPLIST_FILE = "czechitas-mobile-app/Info.plist";
				LD_RUNPATH_SEARCH_PATHS = "$(inherited) @executable_path/Frameworks";
				PRODUCT_BUNDLE_IDENTIFIER = "com.brainity.czechitas-mobile-app";
				PRODUCT_NAME = "$(TARGET_NAME)";
			};
			name = Release;
		};
/* End XCBuildConfiguration section */

/* Begin XCConfigurationList section */
		DC91E8A51D0583F80054F356 /* Build configuration list for PBXProject "czechitas-mobile-app" */ = {
			isa = XCConfigurationList;
			buildConfigurations = (
				DC91E8BA1D0583F90054F356 /* Debug */,
				DC91E8BB1D0583F90054F356 /* Release */,
			);
			defaultConfigurationIsVisible = 0;
			defaultConfigurationName = Release;
		};
		DC91E8BC1D0583F90054F356 /* Build configuration list for PBXNativeTarget "czechitas-mobile-app" */ = {
			isa = XCConfigurationList;
			buildConfigurations = (
				DC91E8BD1D0583F90054F356 /* Debug */,
				DC91E8BE1D0583F90054F356 /* Release */,
			);
			defaultConfigurationIsVisible = 0;
		};
/* End XCConfigurationList section */
	};
	rootObject = DC91E8A21D0583F80054F356 /* Project object */;
}
